{
  "pins" : [
    {
      "identity" : "bigint",
      "kind" : "remoteSourceControl",
      "location" : "https://github.com/attaswift/BigInt.git",
      "state" : {
        "revision" : "0ed110f7555c34ff468e72e1686e59721f2b0da6",
        "version" : "5.3.0"
      }
    },
    {
      "identity" : "bitcoinkit",
      "kind" : "remoteSourceControl",
      "location" : "https://github.com/yenom/BitcoinKit.git",
      "state" : {
        "revision" : "5f1fe9253071aeb845fa1cc40a338f32c6e34a66",
        "version" : "1.1.0"
      }
    },
    {
      "identity" : "bits",
      "kind" : "remoteSourceControl",
      "location" : "https://github.com/vapor/bits.git",
      "state" : {
        "revision" : "03079476b04139a8b744ad96f975176df5ae12bc",
        "version" : "1.1.1"
      }
    },
    {
      "identity" : "copenssl",
      "kind" : "remoteSourceControl",
      "location" : "https://github.com/vapor-community/copenssl.git",
      "state" : {
        "revision" : "a347e9ec038b134aecf42e0c21f2deb9035adf3f",
        "version" : "1.0.0-rc.1"
      }
    },
    {
      "identity" : "core",
      "kind" : "remoteSourceControl",
      "location" : "https://github.com/vapor/core.git",
      "state" : {
        "revision" : "aa15871311b497a24a7f0e96b1ae6865dd600818",
        "version" : "2.2.1"
      }
    },
    {
      "identity" : "cryptoswift",
      "kind" : "remoteSourceControl",
      "location" : "https://github.com/krzyzanowskim/CryptoSwift.git",
      "state" : {
        "revision" : "039f56c5d7960f277087a0be51f5eb04ed0ec073",
        "version" : "1.5.1"
      }
    },
    {
      "identity" : "debugging",
      "kind" : "remoteSourceControl",
      "location" : "https://github.com/vapor/debugging.git",
      "state" : {
        "revision" : "fc5a27d6eb236141dc24e5f14eedaa2e035ae7b3",
        "version" : "1.1.1"
      }
    },
    {
      "identity" : "random",
      "kind" : "remoteSourceControl",
      "location" : "https://github.com/vapor-community/random.git",
      "state" : {
        "revision" : "d7c4397d125caba795d14d956efacfe2a27a63d0",
        "version" : "1.2.0"
      }
    },
    {
      "identity" : "secp256k1.swift",
      "kind" : "remoteSourceControl",
      "location" : "https://github.com/Boilertalk/secp256k1.swift",
      "state" : {
        "revision" : "cd187c632fb812fd93711a9f7e644adb7e5f97f0",
        "version" : "0.1.7"
      }
    },
    {
      "identity" : "swift-argument-parser",
      "kind" : "remoteSourceControl",
      "location" : "https://github.com/apple/swift-argument-parser.git",
      "state" : {
        "revision" : "011f0c765fb46d9cac61bca19be0527e99c98c8b",
        "version" : "1.5.1"
      }
    },
    {
      "identity" : "web3swift",
      "kind" : "remoteSourceControl",
      "location" : "https://github.com/web3swift-team/web3swift.git",
      "state" : {
        "revision" : "8a026108ae5ff730ac83e9b574c8cf1c14413c94",
        "version" : "3.2.2"
      }
    }
  ],
  "version" : 2
}
